
Microsoft Visual Studio Solution File, Format Version 12.00
# Visual Studio Version 17
VisualStudioVersion = 17.5.33516.290
MinimumVisualStudioVersion = 10.0.40219.1
Project("{FAE04EC0-301F-11D3-BF4B-00C04F79EFBC}") = "SelfMonitoringFunction", "SelfMonitoringFunction.csproj", "{52D99934-01C4-41C3-9FA8-A772FF878A13}"
EndProject
Global
	GlobalSection(SolutionConfigurationPlatforms) = preSolution
		Debug|Any CPU = Debug|Any CPU
		Release|Any CPU = Release|Any CPU
	EndGlobalSection
	GlobalSection(ProjectConfigurationPlatforms) = postSolution
		{52D99934-01C4-41C3-9FA8-A772FF878A13}.Debug|Any CPU.ActiveCfg = Debug|Any CPU
		{52D99934-01C4-41C3-9FA8-A772FF878A13}.Debug|Any CPU.Build.0 = Debug|Any CPU
		{52D99934-01C4-41C3-9FA8-A772FF878A13}.Release|Any CPU.ActiveCfg = Release|Any CPU
		{52D99934-01C4-41C3-9FA8-A772FF878A13}.Release|Any CPU.Build.0 = Release|Any CPU
	EndGlobalSection
	GlobalSection(SolutionProperties) = preSolution
		HideSolutionNode = FALSE
	EndGlobalSection
	GlobalSection(ExtensibilityGlobals) = postSolution
		SolutionGuid = {9498B859-8935-4097-80F2-8F4C38B90F8A}
	EndGlobalSection
EndGlobal
