
Microsoft Visual Studio Solution File, Format Version 12.00
# Visual Studio Version 17
VisualStudioVersion = 17.5.33516.290
MinimumVisualStudioVersion = 10.0.40219.1
Project("{9A19103F-16F7-4668-BE54-9A1E7A4F7556}") = "SelfMonitoringFunction", "SelfMonitoringFunction.csproj", "{52D99934-01C4-41C3-9FA8-A772FF878A13}"
EndProject
Project("{FAE04EC0-301F-11D3-BF4B-00C04F79EFBC}") = "SelfMonitoringFunctionTests", "Tests\SelfMonitoringFunctionTests.csproj", "{635BC0DC-8C59-45E8-B32D-A82DBC593D60}"
EndProject
Project("{2150E333-8FDC-42A3-9474-1A3956D46DE8}") = "Solution Items", "Solution Items", "{C38D663B-8C09-40EF-B7EC-517541DE7062}"
	ProjectSection(SolutionItems) = preProject
		.gitattributes = .gitattributes
		.gitignore = .gitignore
		SelfMonitoringFunction.sln.DotSettings = SelfMonitoringFunction.sln.DotSettings
	EndProjectSection
EndProject
Global
	GlobalSection(SolutionConfigurationPlatforms) = preSolution
		Debug|Any CPU = Debug|Any CPU
		Release|Any CPU = Release|Any CPU
	EndGlobalSection
	GlobalSection(ProjectConfigurationPlatforms) = postSolution
		{52D99934-01C4-41C3-9FA8-A772FF878A13}.Debug|Any CPU.ActiveCfg = Debug|Any CPU
		{52D99934-01C4-41C3-9FA8-A772FF878A13}.Debug|Any CPU.Build.0 = Debug|Any CPU
		{52D99934-01C4-41C3-9FA8-A772FF878A13}.Release|Any CPU.ActiveCfg = Release|Any CPU
		{52D99934-01C4-41C3-9FA8-A772FF878A13}.Release|Any CPU.Build.0 = Release|Any CPU
		{635BC0DC-8C59-45E8-B32D-A82DBC593D60}.Debug|Any CPU.ActiveCfg = Debug|Any CPU
		{635BC0DC-8C59-45E8-B32D-A82DBC593D60}.Debug|Any CPU.Build.0 = Debug|Any CPU
		{635BC0DC-8C59-45E8-B32D-A82DBC593D60}.Release|Any CPU.ActiveCfg = Release|Any CPU
		{635BC0DC-8C59-45E8-B32D-A82DBC593D60}.Release|Any CPU.Build.0 = Release|Any CPU
	EndGlobalSection
	GlobalSection(SolutionProperties) = preSolution
		HideSolutionNode = FALSE
	EndGlobalSection
	GlobalSection(ExtensibilityGlobals) = postSolution
		SolutionGuid = {9498B859-8935-4097-80F2-8F4C38B90F8A}
	EndGlobalSection
EndGlobal
